
Microsoft Visual Studio Solution File, Format Version 12.00
# Visual Studio Version 17
VisualStudioVersion = 17.1.32210.238
MinimumVisualStudioVersion = 10.0.40219.1
Project("{FAE04EC0-301F-11D3-BF4B-00C04F79EFBC}") = "MovieWeb", "MovieWeb.csproj", "{C233D8BC-48B6-4F62-840E-5D00021B04F0}"
EndProject
Global
	GlobalSection(SolutionConfigurationPlatforms) = preSolution
		Debug|Any CPU = Debug|Any CPU
		Release|Any CPU = Release|Any CPU
	EndGlobalSection
	GlobalSection(ProjectConfigurationPlatforms) = postSolution
		{C233D8BC-48B6-4F62-840E-5D00021B04F0}.Debug|Any CPU.ActiveCfg = Debug|Any CPU
		{C233D8BC-48B6-4F62-840E-5D00021B04F0}.Debug|Any CPU.Build.0 = Debug|Any CPU
		{C233D8BC-48B6-4F62-840E-5D00021B04F0}.Release|Any CPU.ActiveCfg = Release|Any CPU
		{C233D8BC-48B6-4F62-840E-5D00021B04F0}.Release|Any CPU.Build.0 = Release|Any CPU
	EndGlobalSection
	GlobalSection(SolutionProperties) = preSolution
		HideSolutionNode = FALSE
	EndGlobalSection
	GlobalSection(ExtensibilityGlobals) = postSolution
		SolutionGuid = {B96572DA-8032-481D-AED5-AEF88C05442B}
	EndGlobalSection
EndGlobal
